
Microsoft Visual Studio Solution File, Format Version 12.00
Project("{FAE04EC0-301F-11D3-BF4B-00C04F79EFBC}") = "ArrayRotation", "ArrayRotation\ArrayRotation.csproj", "{3729F3E0-6C17-4EF6-8139-21DFC163EC79}"
EndProject
Global
	GlobalSection(SolutionConfigurationPlatforms) = preSolution
		Debug|Any CPU = Debug|Any CPU
		Release|Any CPU = Release|Any CPU
	EndGlobalSection
	GlobalSection(ProjectConfigurationPlatforms) = postSolution
		{3729F3E0-6C17-4EF6-8139-21DFC163EC79}.Debug|Any CPU.ActiveCfg = Debug|Any CPU
		{3729F3E0-6C17-4EF6-8139-21DFC163EC79}.Debug|Any CPU.Build.0 = Debug|Any CPU
		{3729F3E0-6C17-4EF6-8139-21DFC163EC79}.Release|Any CPU.ActiveCfg = Release|Any CPU
		{3729F3E0-6C17-4EF6-8139-21DFC163EC79}.Release|Any CPU.Build.0 = Release|Any CPU
	EndGlobalSection
EndGlobal
